// !$*UTF8*$!
{
	archiveVersion = 1;
	classes = {
	};
	objectVersion = 56;
	objects = {

/* Begin PBXBuildFile section */
		A18D048E2B654BB4009E2602 /* PhotoPickerViewModel.swift in Sources */ = {isa = PBXBuildFile; fileRef = A18D048D2B654BB4009E2602 /* PhotoPickerViewModel.swift */; };
		A18D04912B66C35E009E2602 /* Notebooks.swift in Sources */ = {isa = PBXBuildFile; fileRef = A18D04902B66C35E009E2602 /* Notebooks.swift */; };
		A18EE5DB2B67D3440062F4DF /* SendJournalNotes.swift in Sources */ = {isa = PBXBuildFile; fileRef = A18EE5DA2B67D3440062F4DF /* SendJournalNotes.swift */; };
		A18EE5DF2B6E90180062F4DF /* GoogleService-Info.plist in Resources */ = {isa = PBXBuildFile; fileRef = A18EE5DE2B6E90180062F4DF /* GoogleService-Info.plist */; };
		A18EE5E22B6E90B00062F4DF /* FirebaseAnalytics in Frameworks */ = {isa = PBXBuildFile; productRef = A18EE5E12B6E90B00062F4DF /* FirebaseAnalytics */; };
		A18EE5E42B6E90B00062F4DF /* FirebaseAnalyticsOnDeviceConversion in Frameworks */ = {isa = PBXBuildFile; productRef = A18EE5E32B6E90B00062F4DF /* FirebaseAnalyticsOnDeviceConversion */; };
		A18EE5E62B6E90B00062F4DF /* FirebaseAnalyticsSwift in Frameworks */ = {isa = PBXBuildFile; productRef = A18EE5E52B6E90B00062F4DF /* FirebaseAnalyticsSwift */; };
		A18EE5E82B6E90B00062F4DF /* FirebaseAnalyticsWithoutAdIdSupport in Frameworks */ = {isa = PBXBuildFile; productRef = A18EE5E72B6E90B00062F4DF /* FirebaseAnalyticsWithoutAdIdSupport */; };
		A18EE5EA2B6E90B00062F4DF /* FirebaseAppCheck in Frameworks */ = {isa = PBXBuildFile; productRef = A18EE5E92B6E90B00062F4DF /* FirebaseAppCheck */; };
		A18EE5EC2B6E91980062F4DF /* FirebaseAnalytics in Frameworks */ = {isa = PBXBuildFile; productRef = A18EE5EB2B6E91980062F4DF /* FirebaseAnalytics */; };
		A18EE5EE2B6E91980062F4DF /* FirebaseAnalyticsOnDeviceConversion in Frameworks */ = {isa = PBXBuildFile; productRef = A18EE5ED2B6E91980062F4DF /* FirebaseAnalyticsOnDeviceConversion */; };
		A18EE5F02B6E91980062F4DF /* FirebaseAnalyticsSwift in Frameworks */ = {isa = PBXBuildFile; productRef = A18EE5EF2B6E91980062F4DF /* FirebaseAnalyticsSwift */; };
		A18EE5F22B6E91980062F4DF /* FirebaseAnalyticsWithoutAdIdSupport in Frameworks */ = {isa = PBXBuildFile; productRef = A18EE5F12B6E91980062F4DF /* FirebaseAnalyticsWithoutAdIdSupport */; };
		A18EE5F42B6E91980062F4DF /* FirebaseAppCheck in Frameworks */ = {isa = PBXBuildFile; productRef = A18EE5F32B6E91980062F4DF /* FirebaseAppCheck */; };
		A18EE5F62B6E91980062F4DF /* FirebaseAppDistribution-Beta in Frameworks */ = {isa = PBXBuildFile; productRef = A18EE5F52B6E91980062F4DF /* FirebaseAppDistribution-Beta */; };
		A18EE5F82B6E91980062F4DF /* FirebaseAuth in Frameworks */ = {isa = PBXBuildFile; productRef = A18EE5F72B6E91980062F4DF /* FirebaseAuth */; };
		A18EE5FA2B6E91980062F4DF /* FirebaseAuthCombine-Community in Frameworks */ = {isa = PBXBuildFile; productRef = A18EE5F92B6E91980062F4DF /* FirebaseAuthCombine-Community */; };
		A18EE5FC2B6E91980062F4DF /* FirebaseCrashlytics in Frameworks */ = {isa = PBXBuildFile; productRef = A18EE5FB2B6E91980062F4DF /* FirebaseCrashlytics */; };
		A18EE5FE2B6E91980062F4DF /* FirebaseDatabase in Frameworks */ = {isa = PBXBuildFile; productRef = A18EE5FD2B6E91980062F4DF /* FirebaseDatabase */; };
		A18EE6002B6E91980062F4DF /* FirebaseDatabaseSwift in Frameworks */ = {isa = PBXBuildFile; productRef = A18EE5FF2B6E91980062F4DF /* FirebaseDatabaseSwift */; };
		A18EE6022B6E91980062F4DF /* FirebaseDynamicLinks in Frameworks */ = {isa = PBXBuildFile; productRef = A18EE6012B6E91980062F4DF /* FirebaseDynamicLinks */; };
		A18EE6042B6E91980062F4DF /* FirebaseFirestore in Frameworks */ = {isa = PBXBuildFile; productRef = A18EE6032B6E91980062F4DF /* FirebaseFirestore */; };
		A18EE6062B6E91980062F4DF /* FirebaseFirestoreCombine-Community in Frameworks */ = {isa = PBXBuildFile; productRef = A18EE6052B6E91980062F4DF /* FirebaseFirestoreCombine-Community */; };
		A18EE6082B6E91980062F4DF /* FirebaseFirestoreSwift in Frameworks */ = {isa = PBXBuildFile; productRef = A18EE6072B6E91980062F4DF /* FirebaseFirestoreSwift */; };
		A18EE60A2B6E91980062F4DF /* FirebaseFunctions in Frameworks */ = {isa = PBXBuildFile; productRef = A18EE6092B6E91980062F4DF /* FirebaseFunctions */; };
		A18EE60C2B6E91980062F4DF /* FirebaseFunctionsCombine-Community in Frameworks */ = {isa = PBXBuildFile; productRef = A18EE60B2B6E91980062F4DF /* FirebaseFunctionsCombine-Community */; };
		A18EE60E2B6E91980062F4DF /* FirebaseInAppMessaging-Beta in Frameworks */ = {isa = PBXBuildFile; productRef = A18EE60D2B6E91980062F4DF /* FirebaseInAppMessaging-Beta */; };
		A18EE6102B6E91980062F4DF /* FirebaseInAppMessagingSwift-Beta in Frameworks */ = {isa = PBXBuildFile; productRef = A18EE60F2B6E91980062F4DF /* FirebaseInAppMessagingSwift-Beta */; };
		A18EE6122B6E91980062F4DF /* FirebaseInstallations in Frameworks */ = {isa = PBXBuildFile; productRef = A18EE6112B6E91980062F4DF /* FirebaseInstallations */; };
		A18EE6142B6E91980062F4DF /* FirebaseMLModelDownloader in Frameworks */ = {isa = PBXBuildFile; productRef = A18EE6132B6E91980062F4DF /* FirebaseMLModelDownloader */; };
		A18EE6162B6E91980062F4DF /* FirebaseMessaging in Frameworks */ = {isa = PBXBuildFile; productRef = A18EE6152B6E91980062F4DF /* FirebaseMessaging */; };
		A18EE6182B6E91980062F4DF /* FirebasePerformance in Frameworks */ = {isa = PBXBuildFile; productRef = A18EE6172B6E91980062F4DF /* FirebasePerformance */; };
		A18EE61A2B6E91980062F4DF /* FirebaseRemoteConfig in Frameworks */ = {isa = PBXBuildFile; productRef = A18EE6192B6E91980062F4DF /* FirebaseRemoteConfig */; };
		A18EE61C2B6E91980062F4DF /* FirebaseRemoteConfigSwift in Frameworks */ = {isa = PBXBuildFile; productRef = A18EE61B2B6E91980062F4DF /* FirebaseRemoteConfigSwift */; };
		A18EE61E2B6E91980062F4DF /* FirebaseStorage in Frameworks */ = {isa = PBXBuildFile; productRef = A18EE61D2B6E91980062F4DF /* FirebaseStorage */; };
		A18EE6202B6E91980062F4DF /* FirebaseStorageCombine-Community in Frameworks */ = {isa = PBXBuildFile; productRef = A18EE61F2B6E91980062F4DF /* FirebaseStorageCombine-Community */; };
		A1975D1D2B61706B00A0C749 /* Journal_KitApp.swift in Sources */ = {isa = PBXBuildFile; fileRef = A1975D1C2B61706B00A0C749 /* Journal_KitApp.swift */; };
		A1975D1F2B61706B00A0C749 /* ContentView.swift in Sources */ = {isa = PBXBuildFile; fileRef = A1975D1E2B61706B00A0C749 /* ContentView.swift */; };
		A1975D212B61706C00A0C749 /* Assets.xcassets in Resources */ = {isa = PBXBuildFile; fileRef = A1975D202B61706C00A0C749 /* Assets.xcassets */; };
		A1975D252B61706C00A0C749 /* Preview Assets.xcassets in Resources */ = {isa = PBXBuildFile; fileRef = A1975D242B61706C00A0C749 /* Preview Assets.xcassets */; };
		A1975D2E2B61734200A0C749 /* JournalEntryModel.swift in Sources */ = {isa = PBXBuildFile; fileRef = A1975D2D2B61734200A0C749 /* JournalEntryModel.swift */; };
		A1975D332B61790D00A0C749 /* NotebookModel.swift in Sources */ = {isa = PBXBuildFile; fileRef = A1975D322B61790D00A0C749 /* NotebookModel.swift */; };
		A1975D352B617A5000A0C749 /* NotebookViewModel.swift in Sources */ = {isa = PBXBuildFile; fileRef = A1975D342B617A5000A0C749 /* NotebookViewModel.swift */; };
		A1975D3A2B62D6E800A0C749 /* NavigationView.swift in Sources */ = {isa = PBXBuildFile; fileRef = A1975D392B62D6E800A0C749 /* NavigationView.swift */; };
		A1975D3C2B62D7B600A0C749 /* WriteMainView.swift in Sources */ = {isa = PBXBuildFile; fileRef = A1975D3B2B62D7B600A0C749 /* WriteMainView.swift */; };
/* End PBXBuildFile section */

/* Begin PBXFileReference section */
		A18D048D2B654BB4009E2602 /* PhotoPickerViewModel.swift */ = {isa = PBXFileReference; lastKnownFileType = sourcecode.swift; path = PhotoPickerViewModel.swift; sourceTree = "<group>"; };
		A18D04902B66C35E009E2602 /* Notebooks.swift */ = {isa = PBXFileReference; lastKnownFileType = sourcecode.swift; path = Notebooks.swift; sourceTree = "<group>"; };
		A18EE5DA2B67D3440062F4DF /* SendJournalNotes.swift */ = {isa = PBXFileReference; lastKnownFileType = sourcecode.swift; path = SendJournalNotes.swift; sourceTree = "<group>"; };
		A18EE5DE2B6E90180062F4DF /* GoogleService-Info.plist */ = {isa = PBXFileReference; fileEncoding = 4; lastKnownFileType = text.plist.xml; path = "GoogleService-Info.plist"; sourceTree = "<group>"; };
		A1975D192B61706B00A0C749 /* Journal Kit.app */ = {isa = PBXFileReference; explicitFileType = wrapper.application; includeInIndex = 0; path = "Journal Kit.app"; sourceTree = BUILT_PRODUCTS_DIR; };
		A1975D1C2B61706B00A0C749 /* Journal_KitApp.swift */ = {isa = PBXFileReference; lastKnownFileType = sourcecode.swift; path = Journal_KitApp.swift; sourceTree = "<group>"; };
		A1975D1E2B61706B00A0C749 /* ContentView.swift */ = {isa = PBXFileReference; lastKnownFileType = sourcecode.swift; path = ContentView.swift; sourceTree = "<group>"; };
		A1975D202B61706C00A0C749 /* Assets.xcassets */ = {isa = PBXFileReference; lastKnownFileType = folder.assetcatalog; path = Assets.xcassets; sourceTree = "<group>"; };
		A1975D222B61706C00A0C749 /* Journal_Kit.entitlements */ = {isa = PBXFileReference; lastKnownFileType = text.plist.entitlements; path = Journal_Kit.entitlements; sourceTree = "<group>"; };
		A1975D242B61706C00A0C749 /* Preview Assets.xcassets */ = {isa = PBXFileReference; lastKnownFileType = folder.assetcatalog; path = "Preview Assets.xcassets"; sourceTree = "<group>"; };
		A1975D2D2B61734200A0C749 /* JournalEntryModel.swift */ = {isa = PBXFileReference; lastKnownFileType = sourcecode.swift; path = JournalEntryModel.swift; sourceTree = "<group>"; };
		A1975D322B61790D00A0C749 /* NotebookModel.swift */ = {isa = PBXFileReference; lastKnownFileType = sourcecode.swift; path = NotebookModel.swift; sourceTree = "<group>"; };
		A1975D342B617A5000A0C749 /* NotebookViewModel.swift */ = {isa = PBXFileReference; lastKnownFileType = sourcecode.swift; path = NotebookViewModel.swift; sourceTree = "<group>"; };
		A1975D392B62D6E800A0C749 /* NavigationView.swift */ = {isa = PBXFileReference; lastKnownFileType = sourcecode.swift; path = NavigationView.swift; sourceTree = "<group>"; };
		A1975D3B2B62D7B600A0C749 /* WriteMainView.swift */ = {isa = PBXFileReference; lastKnownFileType = sourcecode.swift; path = WriteMainView.swift; sourceTree = "<group>"; };
/* End PBXFileReference section */

/* Begin PBXFrameworksBuildPhase section */
		A1975D162B61706B00A0C749 /* Frameworks */ = {
			isa = PBXFrameworksBuildPhase;
			buildActionMask = 2147483647;
			files = (
				A18EE6162B6E91980062F4DF /* FirebaseMessaging in Frameworks */,
				A18EE6062B6E91980062F4DF /* FirebaseFirestoreCombine-Community in Frameworks */,
				A18EE5FE2B6E91980062F4DF /* FirebaseDatabase in Frameworks */,
				A18EE5E62B6E90B00062F4DF /* FirebaseAnalyticsSwift in Frameworks */,
				A18EE61E2B6E91980062F4DF /* FirebaseStorage in Frameworks */,
				A18EE5E22B6E90B00062F4DF /* FirebaseAnalytics in Frameworks */,
				A18EE5EC2B6E91980062F4DF /* FirebaseAnalytics in Frameworks */,
				A18EE5FC2B6E91980062F4DF /* FirebaseCrashlytics in Frameworks */,
				A18EE6042B6E91980062F4DF /* FirebaseFirestore in Frameworks */,
				A18EE6022B6E91980062F4DF /* FirebaseDynamicLinks in Frameworks */,
				A18EE6202B6E91980062F4DF /* FirebaseStorageCombine-Community in Frameworks */,
				A18EE5EE2B6E91980062F4DF /* FirebaseAnalyticsOnDeviceConversion in Frameworks */,
				A18EE60C2B6E91980062F4DF /* FirebaseFunctionsCombine-Community in Frameworks */,
				A18EE6102B6E91980062F4DF /* FirebaseInAppMessagingSwift-Beta in Frameworks */,
				A18EE6142B6E91980062F4DF /* FirebaseMLModelDownloader in Frameworks */,
				A18EE60E2B6E91980062F4DF /* FirebaseInAppMessaging-Beta in Frameworks */,
				A18EE6182B6E91980062F4DF /* FirebasePerformance in Frameworks */,
				A18EE5FA2B6E91980062F4DF /* FirebaseAuthCombine-Community in Frameworks */,
				A18EE5F02B6E91980062F4DF /* FirebaseAnalyticsSwift in Frameworks */,
				A18EE6002B6E91980062F4DF /* FirebaseDatabaseSwift in Frameworks */,
				A18EE5E42B6E90B00062F4DF /* FirebaseAnalyticsOnDeviceConversion in Frameworks */,
				A18EE61A2B6E91980062F4DF /* FirebaseRemoteConfig in Frameworks */,
				A18EE5EA2B6E90B00062F4DF /* FirebaseAppCheck in Frameworks */,
				A18EE5F82B6E91980062F4DF /* FirebaseAuth in Frameworks */,
				A18EE60A2B6E91980062F4DF /* FirebaseFunctions in Frameworks */,
				A18EE6122B6E91980062F4DF /* FirebaseInstallations in Frameworks */,
				A18EE6082B6E91980062F4DF /* FirebaseFirestoreSwift in Frameworks */,
				A18EE5F22B6E91980062F4DF /* FirebaseAnalyticsWithoutAdIdSupport in Frameworks */,
				A18EE5F42B6E91980062F4DF /* FirebaseAppCheck in Frameworks */,
				A18EE61C2B6E91980062F4DF /* FirebaseRemoteConfigSwift in Frameworks */,
				A18EE5F62B6E91980062F4DF /* FirebaseAppDistribution-Beta in Frameworks */,
				A18EE5E82B6E90B00062F4DF /* FirebaseAnalyticsWithoutAdIdSupport in Frameworks */,
			);
			runOnlyForDeploymentPostprocessing = 0;
		};
/* End PBXFrameworksBuildPhase section */

/* Begin PBXGroup section */
		A1975D102B61706B00A0C749 = {
			isa = PBXGroup;
			children = (
				A1975D1B2B61706B00A0C749 /* Journal Kit */,
				A1975D1A2B61706B00A0C749 /* Products */,
			);
			sourceTree = "<group>";
		};
		A1975D1A2B61706B00A0C749 /* Products */ = {
			isa = PBXGroup;
			children = (
				A1975D192B61706B00A0C749 /* Journal Kit.app */,
			);
			name = Products;
			sourceTree = "<group>";
		};
		A1975D1B2B61706B00A0C749 /* Journal Kit */ = {
			isa = PBXGroup;
			children = (
				A1975D362B6182FD00A0C749 /* Components */,
				A1975D2F2B6175C100A0C749 /* ViewModel */,
				A1975D2C2B61732700A0C749 /* Model */,
				A1975D2B2B61731C00A0C749 /* Core */,
				A1975D202B61706C00A0C749 /* Assets.xcassets */,
				A1975D222B61706C00A0C749 /* Journal_Kit.entitlements */,
				A18EE5DE2B6E90180062F4DF /* GoogleService-Info.plist */,
				A1975D232B61706C00A0C749 /* Preview Content */,
			);
			path = "Journal Kit";
			sourceTree = "<group>";
		};
		A1975D232B61706C00A0C749 /* Preview Content */ = {
			isa = PBXGroup;
			children = (
				A1975D242B61706C00A0C749 /* Preview Assets.xcassets */,
			);
			path = "Preview Content";
			sourceTree = "<group>";
		};
		A1975D2B2B61731C00A0C749 /* Core */ = {
			isa = PBXGroup;
			children = (
				A1975D1E2B61706B00A0C749 /* ContentView.swift */,
				A1975D1C2B61706B00A0C749 /* Journal_KitApp.swift */,
			);
			path = Core;
			sourceTree = "<group>";
		};
		A1975D2C2B61732700A0C749 /* Model */ = {
			isa = PBXGroup;
			children = (
				A1975D2D2B61734200A0C749 /* JournalEntryModel.swift */,
				A1975D322B61790D00A0C749 /* NotebookModel.swift */,
			);
			path = Model;
			sourceTree = "<group>";
		};
		A1975D2F2B6175C100A0C749 /* ViewModel */ = {
			isa = PBXGroup;
			children = (
				A1975D342B617A5000A0C749 /* NotebookViewModel.swift */,
				A18D048D2B654BB4009E2602 /* PhotoPickerViewModel.swift */,
			);
			path = ViewModel;
			sourceTree = "<group>";
		};
		A1975D362B6182FD00A0C749 /* Components */ = {
			isa = PBXGroup;
			children = (
				A1975D392B62D6E800A0C749 /* NavigationView.swift */,
				A1975D3B2B62D7B600A0C749 /* WriteMainView.swift */,
				A18D04902B66C35E009E2602 /* Notebooks.swift */,
				A18EE5DA2B67D3440062F4DF /* SendJournalNotes.swift */,
			);
			path = Components;
			sourceTree = "<group>";
		};
/* End PBXGroup section */

/* Begin PBXNativeTarget section */
		A1975D182B61706B00A0C749 /* Journal Kit */ = {
			isa = PBXNativeTarget;
			buildConfigurationList = A1975D282B61706C00A0C749 /* Build configuration list for PBXNativeTarget "Journal Kit" */;
			buildPhases = (
				A1975D152B61706B00A0C749 /* Sources */,
				A1975D162B61706B00A0C749 /* Frameworks */,
				A1975D172B61706B00A0C749 /* Resources */,
			);
			buildRules = (
			);
			dependencies = (
			);
			name = "Journal Kit";
			packageProductDependencies = (
				A18EE5E12B6E90B00062F4DF /* FirebaseAnalytics */,
				A18EE5E32B6E90B00062F4DF /* FirebaseAnalyticsOnDeviceConversion */,
				A18EE5E52B6E90B00062F4DF /* FirebaseAnalyticsSwift */,
				A18EE5E72B6E90B00062F4DF /* FirebaseAnalyticsWithoutAdIdSupport */,
				A18EE5E92B6E90B00062F4DF /* FirebaseAppCheck */,
				A18EE5EB2B6E91980062F4DF /* FirebaseAnalytics */,
				A18EE5ED2B6E91980062F4DF /* FirebaseAnalyticsOnDeviceConversion */,
				A18EE5EF2B6E91980062F4DF /* FirebaseAnalyticsSwift */,
				A18EE5F12B6E91980062F4DF /* FirebaseAnalyticsWithoutAdIdSupport */,
				A18EE5F32B6E91980062F4DF /* FirebaseAppCheck */,
				A18EE5F52B6E91980062F4DF /* FirebaseAppDistribution-Beta */,
				A18EE5F72B6E91980062F4DF /* FirebaseAuth */,
				A18EE5F92B6E91980062F4DF /* FirebaseAuthCombine-Community */,
				A18EE5FB2B6E91980062F4DF /* FirebaseCrashlytics */,
				A18EE5FD2B6E91980062F4DF /* FirebaseDatabase */,
				A18EE5FF2B6E91980062F4DF /* FirebaseDatabaseSwift */,
				A18EE6012B6E91980062F4DF /* FirebaseDynamicLinks */,
				A18EE6032B6E91980062F4DF /* FirebaseFirestore */,
				A18EE6052B6E91980062F4DF /* FirebaseFirestoreCombine-Community */,
				A18EE6072B6E91980062F4DF /* FirebaseFirestoreSwift */,
				A18EE6092B6E91980062F4DF /* FirebaseFunctions */,
				A18EE60B2B6E91980062F4DF /* FirebaseFunctionsCombine-Community */,
				A18EE60D2B6E91980062F4DF /* FirebaseInAppMessaging-Beta */,
				A18EE60F2B6E91980062F4DF /* FirebaseInAppMessagingSwift-Beta */,
				A18EE6112B6E91980062F4DF /* FirebaseInstallations */,
				A18EE6132B6E91980062F4DF /* FirebaseMLModelDownloader */,
				A18EE6152B6E91980062F4DF /* FirebaseMessaging */,
				A18EE6172B6E91980062F4DF /* FirebasePerformance */,
				A18EE6192B6E91980062F4DF /* FirebaseRemoteConfig */,
				A18EE61B2B6E91980062F4DF /* FirebaseRemoteConfigSwift */,
				A18EE61D2B6E91980062F4DF /* FirebaseStorage */,
				A18EE61F2B6E91980062F4DF /* FirebaseStorageCombine-Community */,
			);
			productName = "Journal Kit";
			productReference = A1975D192B61706B00A0C749 /* Journal Kit.app */;
			productType = "com.apple.product-type.application";
		};
/* End PBXNativeTarget section */

/* Begin PBXProject section */
		A1975D112B61706B00A0C749 /* Project object */ = {
			isa = PBXProject;
			attributes = {
				BuildIndependentTargetsInParallel = 1;
				LastSwiftUpdateCheck = 1520;
				LastUpgradeCheck = 1520;
				TargetAttributes = {
					A1975D182B61706B00A0C749 = {
						CreatedOnToolsVersion = 15.2;
					};
				};
			};
			buildConfigurationList = A1975D142B61706B00A0C749 /* Build configuration list for PBXProject "Journal Kit" */;
			compatibilityVersion = "Xcode 14.0";
			developmentRegion = en;
			hasScannedForEncodings = 0;
			knownRegions = (
				en,
				Base,
			);
			mainGroup = A1975D102B61706B00A0C749;
			packageReferences = (
				A18EE5E02B6E90B00062F4DF /* XCRemoteSwiftPackageReference "firebase-ios-sdk" */,
			);
			productRefGroup = A1975D1A2B61706B00A0C749 /* Products */;
			projectDirPath = "";
			projectRoot = "";
			targets = (
				A1975D182B61706B00A0C749 /* Journal Kit */,
			);
		};
/* End PBXProject section */

/* Begin PBXResourcesBuildPhase section */
		A1975D172B61706B00A0C749 /* Resources */ = {
			isa = PBXResourcesBuildPhase;
			buildActionMask = 2147483647;
			files = (
				A1975D252B61706C00A0C749 /* Preview Assets.xcassets in Resources */,
				A1975D212B61706C00A0C749 /* Assets.xcassets in Resources */,
				A18EE5DF2B6E90180062F4DF /* GoogleService-Info.plist in Resources */,
			);
			runOnlyForDeploymentPostprocessing = 0;
		};
/* End PBXResourcesBuildPhase section */

/* Begin PBXSourcesBuildPhase section */
		A1975D152B61706B00A0C749 /* Sources */ = {
			isa = PBXSourcesBuildPhase;
			buildActionMask = 2147483647;
			files = (
				A1975D1F2B61706B00A0C749 /* ContentView.swift in Sources */,
				A18D048E2B654BB4009E2602 /* PhotoPickerViewModel.swift in Sources */,
				A1975D1D2B61706B00A0C749 /* Journal_KitApp.swift in Sources */,
				A1975D332B61790D00A0C749 /* NotebookModel.swift in Sources */,
				A1975D2E2B61734200A0C749 /* JournalEntryModel.swift in Sources */,
				A1975D3A2B62D6E800A0C749 /* NavigationView.swift in Sources */,
				A1975D352B617A5000A0C749 /* NotebookViewModel.swift in Sources */,
				A18D04912B66C35E009E2602 /* Notebooks.swift in Sources */,
				A1975D3C2B62D7B600A0C749 /* WriteMainView.swift in Sources */,
				A18EE5DB2B67D3440062F4DF /* SendJournalNotes.swift in Sources */,
			);
			runOnlyForDeploymentPostprocessing = 0;
		};
/* End PBXSourcesBuildPhase section */

/* Begin XCBuildConfiguration section */
		A1975D262B61706C00A0C749 /* Debug */ = {
			isa = XCBuildConfiguration;
			buildSettings = {
				ALWAYS_SEARCH_USER_PATHS = NO;
				ASSETCATALOG_COMPILER_GENERATE_SWIFT_ASSET_SYMBOL_EXTENSIONS = YES;
				CLANG_ANALYZER_NONNULL = YES;
				CLANG_ANALYZER_NUMBER_OBJECT_CONVERSION = YES_AGGRESSIVE;
				CLANG_CXX_LANGUAGE_STANDARD = "gnu++20";
				CLANG_ENABLE_MODULES = YES;
				CLANG_ENABLE_OBJC_ARC = YES;
				CLANG_ENABLE_OBJC_WEAK = YES;
				CLANG_WARN_BLOCK_CAPTURE_AUTORELEASING = YES;
				CLANG_WARN_BOOL_CONVERSION = YES;
				CLANG_WARN_COMMA = YES;
				CLANG_WARN_CONSTANT_CONVERSION = YES;
				CLANG_WARN_DEPRECATED_OBJC_IMPLEMENTATIONS = YES;
				CLANG_WARN_DIRECT_OBJC_ISA_USAGE = YES_ERROR;
				CLANG_WARN_DOCUMENTATION_COMMENTS = YES;
				CLANG_WARN_EMPTY_BODY = YES;
				CLANG_WARN_ENUM_CONVERSION = YES;
				CLANG_WARN_INFINITE_RECURSION = YES;
				CLANG_WARN_INT_CONVERSION = YES;
				CLANG_WARN_NON_LITERAL_NULL_CONVERSION = YES;
				CLANG_WARN_OBJC_IMPLICIT_RETAIN_SELF = YES;
				CLANG_WARN_OBJC_LITERAL_CONVERSION = YES;
				CLANG_WARN_OBJC_ROOT_CLASS = YES_ERROR;
				CLANG_WARN_QUOTED_INCLUDE_IN_FRAMEWORK_HEADER = YES;
				CLANG_WARN_RANGE_LOOP_ANALYSIS = YES;
				CLANG_WARN_STRICT_PROTOTYPES = YES;
				CLANG_WARN_SUSPICIOUS_MOVE = YES;
				CLANG_WARN_UNGUARDED_AVAILABILITY = YES_AGGRESSIVE;
				CLANG_WARN_UNREACHABLE_CODE = YES;
				CLANG_WARN__DUPLICATE_METHOD_MATCH = YES;
				COPY_PHASE_STRIP = NO;
				DEBUG_INFORMATION_FORMAT = dwarf;
				ENABLE_STRICT_OBJC_MSGSEND = YES;
				ENABLE_TESTABILITY = YES;
				ENABLE_USER_SCRIPT_SANDBOXING = YES;
				GCC_C_LANGUAGE_STANDARD = gnu17;
				GCC_DYNAMIC_NO_PIC = NO;
				GCC_NO_COMMON_BLOCKS = YES;
				GCC_OPTIMIZATION_LEVEL = 0;
				GCC_PREPROCESSOR_DEFINITIONS = (
					"DEBUG=1",
					"$(inherited)",
				);
				GCC_WARN_64_TO_32_BIT_CONVERSION = YES;
				GCC_WARN_ABOUT_RETURN_TYPE = YES_ERROR;
				GCC_WARN_UNDECLARED_SELECTOR = YES;
				GCC_WARN_UNINITIALIZED_AUTOS = YES_AGGRESSIVE;
				GCC_WARN_UNUSED_FUNCTION = YES;
				GCC_WARN_UNUSED_VARIABLE = YES;
				LOCALIZATION_PREFERS_STRING_CATALOGS = YES;
				MTL_ENABLE_DEBUG_INFO = INCLUDE_SOURCE;
				MTL_FAST_MATH = YES;
				ONLY_ACTIVE_ARCH = YES;
				SWIFT_ACTIVE_COMPILATION_CONDITIONS = "DEBUG $(inherited)";
				SWIFT_OPTIMIZATION_LEVEL = "-Onone";
			};
			name = Debug;
		};
		A1975D272B61706C00A0C749 /* Release */ = {
			isa = XCBuildConfiguration;
			buildSettings = {
				ALWAYS_SEARCH_USER_PATHS = NO;
				ASSETCATALOG_COMPILER_GENERATE_SWIFT_ASSET_SYMBOL_EXTENSIONS = YES;
				CLANG_ANALYZER_NONNULL = YES;
				CLANG_ANALYZER_NUMBER_OBJECT_CONVERSION = YES_AGGRESSIVE;
				CLANG_CXX_LANGUAGE_STANDARD = "gnu++20";
				CLANG_ENABLE_MODULES = YES;
				CLANG_ENABLE_OBJC_ARC = YES;
				CLANG_ENABLE_OBJC_WEAK = YES;
				CLANG_WARN_BLOCK_CAPTURE_AUTORELEASING = YES;
				CLANG_WARN_BOOL_CONVERSION = YES;
				CLANG_WARN_COMMA = YES;
				CLANG_WARN_CONSTANT_CONVERSION = YES;
				CLANG_WARN_DEPRECATED_OBJC_IMPLEMENTATIONS = YES;
				CLANG_WARN_DIRECT_OBJC_ISA_USAGE = YES_ERROR;
				CLANG_WARN_DOCUMENTATION_COMMENTS = YES;
				CLANG_WARN_EMPTY_BODY = YES;
				CLANG_WARN_ENUM_CONVERSION = YES;
				CLANG_WARN_INFINITE_RECURSION = YES;
				CLANG_WARN_INT_CONVERSION = YES;
				CLANG_WARN_NON_LITERAL_NULL_CONVERSION = YES;
				CLANG_WARN_OBJC_IMPLICIT_RETAIN_SELF = YES;
				CLANG_WARN_OBJC_LITERAL_CONVERSION = YES;
				CLANG_WARN_OBJC_ROOT_CLASS = YES_ERROR;
				CLANG_WARN_QUOTED_INCLUDE_IN_FRAMEWORK_HEADER = YES;
				CLANG_WARN_RANGE_LOOP_ANALYSIS = YES;
				CLANG_WARN_STRICT_PROTOTYPES = YES;
				CLANG_WARN_SUSPICIOUS_MOVE = YES;
				CLANG_WARN_UNGUARDED_AVAILABILITY = YES_AGGRESSIVE;
				CLANG_WARN_UNREACHABLE_CODE = YES;
				CLANG_WARN__DUPLICATE_METHOD_MATCH = YES;
				COPY_PHASE_STRIP = NO;
				DEBUG_INFORMATION_FORMAT = "dwarf-with-dsym";
				ENABLE_NS_ASSERTIONS = NO;
				ENABLE_STRICT_OBJC_MSGSEND = YES;
				ENABLE_USER_SCRIPT_SANDBOXING = YES;
				GCC_C_LANGUAGE_STANDARD = gnu17;
				GCC_NO_COMMON_BLOCKS = YES;
				GCC_WARN_64_TO_32_BIT_CONVERSION = YES;
				GCC_WARN_ABOUT_RETURN_TYPE = YES_ERROR;
				GCC_WARN_UNDECLARED_SELECTOR = YES;
				GCC_WARN_UNINITIALIZED_AUTOS = YES_AGGRESSIVE;
				GCC_WARN_UNUSED_FUNCTION = YES;
				GCC_WARN_UNUSED_VARIABLE = YES;
				LOCALIZATION_PREFERS_STRING_CATALOGS = YES;
				MTL_ENABLE_DEBUG_INFO = NO;
				MTL_FAST_MATH = YES;
				SWIFT_COMPILATION_MODE = wholemodule;
			};
			name = Release;
		};
		A1975D292B61706C00A0C749 /* Debug */ = {
			isa = XCBuildConfiguration;
			buildSettings = {
				ASSETCATALOG_COMPILER_APPICON_NAME = AppIcon;
				ASSETCATALOG_COMPILER_GLOBAL_ACCENT_COLOR_NAME = AccentColor;
				CODE_SIGN_ENTITLEMENTS = "Journal Kit/Journal_Kit.entitlements";
				CODE_SIGN_STYLE = Automatic;
				CURRENT_PROJECT_VERSION = 1;
				DEVELOPMENT_ASSET_PATHS = "\"Journal Kit/Preview Content\"";
				DEVELOPMENT_TEAM = 328248VVV8;
				ENABLE_HARDENED_RUNTIME = YES;
				ENABLE_PREVIEWS = YES;
				GENERATE_INFOPLIST_FILE = YES;
				"INFOPLIST_KEY_UIApplicationSceneManifest_Generation[sdk=iphoneos*]" = YES;
				"INFOPLIST_KEY_UIApplicationSceneManifest_Generation[sdk=iphonesimulator*]" = YES;
				"INFOPLIST_KEY_UIApplicationSupportsIndirectInputEvents[sdk=iphoneos*]" = YES;
				"INFOPLIST_KEY_UIApplicationSupportsIndirectInputEvents[sdk=iphonesimulator*]" = YES;
				"INFOPLIST_KEY_UILaunchScreen_Generation[sdk=iphoneos*]" = YES;
				"INFOPLIST_KEY_UILaunchScreen_Generation[sdk=iphonesimulator*]" = YES;
				"INFOPLIST_KEY_UIStatusBarStyle[sdk=iphoneos*]" = UIStatusBarStyleDefault;
				"INFOPLIST_KEY_UIStatusBarStyle[sdk=iphonesimulator*]" = UIStatusBarStyleDefault;
				INFOPLIST_KEY_UISupportedInterfaceOrientations_iPad = "UIInterfaceOrientationPortrait UIInterfaceOrientationPortraitUpsideDown UIInterfaceOrientationLandscapeLeft UIInterfaceOrientationLandscapeRight";
				INFOPLIST_KEY_UISupportedInterfaceOrientations_iPhone = "UIInterfaceOrientationPortrait UIInterfaceOrientationLandscapeLeft UIInterfaceOrientationLandscapeRight";
				IPHONEOS_DEPLOYMENT_TARGET = 17.2;
				LD_RUNPATH_SEARCH_PATHS = "@executable_path/Frameworks";
				"LD_RUNPATH_SEARCH_PATHS[sdk=macosx*]" = "@executable_path/../Frameworks";
				MACOSX_DEPLOYMENT_TARGET = 13.5;
				MARKETING_VERSION = 1.0;
				PRODUCT_BUNDLE_IDENTIFIER = "com.vintmonde.Journal-Kit";
				PRODUCT_NAME = "$(TARGET_NAME)";
				SDKROOT = auto;
				SUPPORTED_PLATFORMS = "iphoneos iphonesimulator macosx";
				SWIFT_EMIT_LOC_STRINGS = YES;
				SWIFT_VERSION = 5.0;
				TARGETED_DEVICE_FAMILY = "1,2";
			};
			name = Debug;
		};
		A1975D2A2B61706C00A0C749 /* Release */ = {
			isa = XCBuildConfiguration;
			buildSettings = {
				ASSETCATALOG_COMPILER_APPICON_NAME = AppIcon;
				ASSETCATALOG_COMPILER_GLOBAL_ACCENT_COLOR_NAME = AccentColor;
				CODE_SIGN_ENTITLEMENTS = "Journal Kit/Journal_Kit.entitlements";
				CODE_SIGN_STYLE = Automatic;
				CURRENT_PROJECT_VERSION = 1;
				DEVELOPMENT_ASSET_PATHS = "\"Journal Kit/Preview Content\"";
				DEVELOPMENT_TEAM = 328248VVV8;
				ENABLE_HARDENED_RUNTIME = YES;
				ENABLE_PREVIEWS = YES;
				GENERATE_INFOPLIST_FILE = YES;
				"INFOPLIST_KEY_UIApplicationSceneManifest_Generation[sdk=iphoneos*]" = YES;
				"INFOPLIST_KEY_UIApplicationSceneManifest_Generation[sdk=iphonesimulator*]" = YES;
				"INFOPLIST_KEY_UIApplicationSupportsIndirectInputEvents[sdk=iphoneos*]" = YES;
				"INFOPLIST_KEY_UIApplicationSupportsIndirectInputEvents[sdk=iphonesimulator*]" = YES;
				"INFOPLIST_KEY_UILaunchScreen_Generation[sdk=iphoneos*]" = YES;
				"INFOPLIST_KEY_UILaunchScreen_Generation[sdk=iphonesimulator*]" = YES;
				"INFOPLIST_KEY_UIStatusBarStyle[sdk=iphoneos*]" = UIStatusBarStyleDefault;
				"INFOPLIST_KEY_UIStatusBarStyle[sdk=iphonesimulator*]" = UIStatusBarStyleDefault;
				INFOPLIST_KEY_UISupportedInterfaceOrientations_iPad = "UIInterfaceOrientationPortrait UIInterfaceOrientationPortraitUpsideDown UIInterfaceOrientationLandscapeLeft UIInterfaceOrientationLandscapeRight";
				INFOPLIST_KEY_UISupportedInterfaceOrientations_iPhone = "UIInterfaceOrientationPortrait UIInterfaceOrientationLandscapeLeft UIInterfaceOrientationLandscapeRight";
				IPHONEOS_DEPLOYMENT_TARGET = 17.2;
				LD_RUNPATH_SEARCH_PATHS = "@executable_path/Frameworks";
				"LD_RUNPATH_SEARCH_PATHS[sdk=macosx*]" = "@executable_path/../Frameworks";
				MACOSX_DEPLOYMENT_TARGET = 13.5;
				MARKETING_VERSION = 1.0;
				PRODUCT_BUNDLE_IDENTIFIER = "com.vintmonde.Journal-Kit";
				PRODUCT_NAME = "$(TARGET_NAME)";
				SDKROOT = auto;
				SUPPORTED_PLATFORMS = "iphoneos iphonesimulator macosx";
				SWIFT_EMIT_LOC_STRINGS = YES;
				SWIFT_VERSION = 5.0;
				TARGETED_DEVICE_FAMILY = "1,2";
			};
			name = Release;
		};
/* End XCBuildConfiguration section */

/* Begin XCConfigurationList section */
		A1975D142B61706B00A0C749 /* Build configuration list for PBXProject "Journal Kit" */ = {
			isa = XCConfigurationList;
			buildConfigurations = (
				A1975D262B61706C00A0C749 /* Debug */,
				A1975D272B61706C00A0C749 /* Release */,
			);
			defaultConfigurationIsVisible = 0;
			defaultConfigurationName = Release;
		};
		A1975D282B61706C00A0C749 /* Build configuration list for PBXNativeTarget "Journal Kit" */ = {
			isa = XCConfigurationList;
			buildConfigurations = (
				A1975D292B61706C00A0C749 /* Debug */,
				A1975D2A2B61706C00A0C749 /* Release */,
			);
			defaultConfigurationIsVisible = 0;
			defaultConfigurationName = Release;
		};
/* End XCConfigurationList section */

/* Begin XCRemoteSwiftPackageReference section */
		A18EE5E02B6E90B00062F4DF /* XCRemoteSwiftPackageReference "firebase-ios-sdk" */ = {
			isa = XCRemoteSwiftPackageReference;
			repositoryURL = "https://github.com/firebase/firebase-ios-sdk";
			requirement = {
				kind = upToNextMajorVersion;
				minimumVersion = 10.20.0;
			};
		};
/* End XCRemoteSwiftPackageReference section */

/* Begin XCSwiftPackageProductDependency section */
		A18EE5E12B6E90B00062F4DF /* FirebaseAnalytics */ = {
			isa = XCSwiftPackageProductDependency;
			package = A18EE5E02B6E90B00062F4DF /* XCRemoteSwiftPackageReference "firebase-ios-sdk" */;
			productName = FirebaseAnalytics;
		};
		A18EE5E32B6E90B00062F4DF /* FirebaseAnalyticsOnDeviceConversion */ = {
			isa = XCSwiftPackageProductDependency;
			package = A18EE5E02B6E90B00062F4DF /* XCRemoteSwiftPackageReference "firebase-ios-sdk" */;
			productName = FirebaseAnalyticsOnDeviceConversion;
		};
		A18EE5E52B6E90B00062F4DF /* FirebaseAnalyticsSwift */ = {
			isa = XCSwiftPackageProductDependency;
			package = A18EE5E02B6E90B00062F4DF /* XCRemoteSwiftPackageReference "firebase-ios-sdk" */;
			productName = FirebaseAnalyticsSwift;
		};
		A18EE5E72B6E90B00062F4DF /* FirebaseAnalyticsWithoutAdIdSupport */ = {
			isa = XCSwiftPackageProductDependency;
			package = A18EE5E02B6E90B00062F4DF /* XCRemoteSwiftPackageReference "firebase-ios-sdk" */;
			productName = FirebaseAnalyticsWithoutAdIdSupport;
		};
		A18EE5E92B6E90B00062F4DF /* FirebaseAppCheck */ = {
			isa = XCSwiftPackageProductDependency;
			package = A18EE5E02B6E90B00062F4DF /* XCRemoteSwiftPackageReference "firebase-ios-sdk" */;
			productName = FirebaseAppCheck;
		};
		A18EE5EB2B6E91980062F4DF /* FirebaseAnalytics */ = {
			isa = XCSwiftPackageProductDependency;
			package = A18EE5E02B6E90B00062F4DF /* XCRemoteSwiftPackageReference "firebase-ios-sdk" */;
			productName = FirebaseAnalytics;
		};
		A18EE5ED2B6E91980062F4DF /* FirebaseAnalyticsOnDeviceConversion */ = {
			isa = XCSwiftPackageProductDependency;
			package = A18EE5E02B6E90B00062F4DF /* XCRemoteSwiftPackageReference "firebase-ios-sdk" */;
			productName = FirebaseAnalyticsOnDeviceConversion;
		};
		A18EE5EF2B6E91980062F4DF /* FirebaseAnalyticsSwift */ = {
			isa = XCSwiftPackageProductDependency;
			package = A18EE5E02B6E90B00062F4DF /* XCRemoteSwiftPackageReference "firebase-ios-sdk" */;
			productName = FirebaseAnalyticsSwift;
		};
		A18EE5F12B6E91980062F4DF /* FirebaseAnalyticsWithoutAdIdSupport */ = {
			isa = XCSwiftPackageProductDependency;
			package = A18EE5E02B6E90B00062F4DF /* XCRemoteSwiftPackageReference "firebase-ios-sdk" */;
			productName = FirebaseAnalyticsWithoutAdIdSupport;
		};
		A18EE5F32B6E91980062F4DF /* FirebaseAppCheck */ = {
			isa = XCSwiftPackageProductDependency;
			package = A18EE5E02B6E90B00062F4DF /* XCRemoteSwiftPackageReference "firebase-ios-sdk" */;
			productName = FirebaseAppCheck;
		};
		A18EE5F52B6E91980062F4DF /* FirebaseAppDistribution-Beta */ = {
			isa = XCSwiftPackageProductDependency;
			package = A18EE5E02B6E90B00062F4DF /* XCRemoteSwiftPackageReference "firebase-ios-sdk" */;
			productName = "FirebaseAppDistribution-Beta";
		};
		A18EE5F72B6E91980062F4DF /* FirebaseAuth */ = {
			isa = XCSwiftPackageProductDependency;
			package = A18EE5E02B6E90B00062F4DF /* XCRemoteSwiftPackageReference "firebase-ios-sdk" */;
			productName = FirebaseAuth;
		};
		A18EE5F92B6E91980062F4DF /* FirebaseAuthCombine-Community */ = {
			isa = XCSwiftPackageProductDependency;
			package = A18EE5E02B6E90B00062F4DF /* XCRemoteSwiftPackageReference "firebase-ios-sdk" */;
			productName = "FirebaseAuthCombine-Community";
		};
		A18EE5FB2B6E91980062F4DF /* FirebaseCrashlytics */ = {
			isa = XCSwiftPackageProductDependency;
			package = A18EE5E02B6E90B00062F4DF /* XCRemoteSwiftPackageReference "firebase-ios-sdk" */;
			productName = FirebaseCrashlytics;
		};
		A18EE5FD2B6E91980062F4DF /* FirebaseDatabase */ = {
			isa = XCSwiftPackageProductDependency;
			package = A18EE5E02B6E90B00062F4DF /* XCRemoteSwiftPackageReference "firebase-ios-sdk" */;
			productName = FirebaseDatabase;
		};
		A18EE5FF2B6E91980062F4DF /* FirebaseDatabaseSwift */ = {
			isa = XCSwiftPackageProductDependency;
			package = A18EE5E02B6E90B00062F4DF /* XCRemoteSwiftPackageReference "firebase-ios-sdk" */;
			productName = FirebaseDatabaseSwift;
		};
		A18EE6012B6E91980062F4DF /* FirebaseDynamicLinks */ = {
			isa = XCSwiftPackageProductDependency;
			package = A18EE5E02B6E90B00062F4DF /* XCRemoteSwiftPackageReference "firebase-ios-sdk" */;
			productName = FirebaseDynamicLinks;
		};
		A18EE6032B6E91980062F4DF /* FirebaseFirestore */ = {
			isa = XCSwiftPackageProductDependency;
			package = A18EE5E02B6E90B00062F4DF /* XCRemoteSwiftPackageReference "firebase-ios-sdk" */;
			productName = FirebaseFirestore;
		};
		A18EE6052B6E91980062F4DF /* FirebaseFirestoreCombine-Community */ = {
			isa = XCSwiftPackageProductDependency;
			package = A18EE5E02B6E90B00062F4DF /* XCRemoteSwiftPackageReference "firebase-ios-sdk" */;
			productName = "FirebaseFirestoreCombine-Community";
		};
		A18EE6072B6E91980062F4DF /* FirebaseFirestoreSwift */ = {
			isa = XCSwiftPackageProductDependency;
			package = A18EE5E02B6E90B00062F4DF /* XCRemoteSwiftPackageReference "firebase-ios-sdk" */;
			productName = FirebaseFirestoreSwift;
		};
		A18EE6092B6E91980062F4DF /* FirebaseFunctions */ = {
			isa = XCSwiftPackageProductDependency;
			package = A18EE5E02B6E90B00062F4DF /* XCRemoteSwiftPackageReference "firebase-ios-sdk" */;
			productName = FirebaseFunctions;
		};
		A18EE60B2B6E91980062F4DF /* FirebaseFunctionsCombine-Community */ = {
			isa = XCSwiftPackageProductDependency;
			package = A18EE5E02B6E90B00062F4DF /* XCRemoteSwiftPackageReference "firebase-ios-sdk" */;
			productName = "FirebaseFunctionsCombine-Community";
		};
		A18EE60D2B6E91980062F4DF /* FirebaseInAppMessaging-Beta */ = {
			isa = XCSwiftPackageProductDependency;
			package = A18EE5E02B6E90B00062F4DF /* XCRemoteSwiftPackageReference "firebase-ios-sdk" */;
			productName = "FirebaseInAppMessaging-Beta";
		};
		A18EE60F2B6E91980062F4DF /* FirebaseInAppMessagingSwift-Beta */ = {
			isa = XCSwiftPackageProductDependency;
			package = A18EE5E02B6E90B00062F4DF /* XCRemoteSwiftPackageReference "firebase-ios-sdk" */;
			productName = "FirebaseInAppMessagingSwift-Beta";
		};
		A18EE6112B6E91980062F4DF /* FirebaseInstallations */ = {
			isa = XCSwiftPackageProductDependency;
			package = A18EE5E02B6E90B00062F4DF /* XCRemoteSwiftPackageReference "firebase-ios-sdk" */;
			productName = FirebaseInstallations;
		};
		A18EE6132B6E91980062F4DF /* FirebaseMLModelDownloader */ = {
			isa = XCSwiftPackageProductDependency;
			package = A18EE5E02B6E90B00062F4DF /* XCRemoteSwiftPackageReference "firebase-ios-sdk" */;
			productName = FirebaseMLModelDownloader;
		};
		A18EE6152B6E91980062F4DF /* FirebaseMessaging */ = {
			isa = XCSwiftPackageProductDependency;
			package = A18EE5E02B6E90B00062F4DF /* XCRemoteSwiftPackageReference "firebase-ios-sdk" */;
			productName = FirebaseMessaging;
		};
		A18EE6172B6E91980062F4DF /* FirebasePerformance */ = {
			isa = XCSwiftPackageProductDependency;
			package = A18EE5E02B6E90B00062F4DF /* XCRemoteSwiftPackageReference "firebase-ios-sdk" */;
			productName = FirebasePerformance;
		};
		A18EE6192B6E91980062F4DF /* FirebaseRemoteConfig */ = {
			isa = XCSwiftPackageProductDependency;
			package = A18EE5E02B6E90B00062F4DF /* XCRemoteSwiftPackageReference "firebase-ios-sdk" */;
			productName = FirebaseRemoteConfig;
		};
		A18EE61B2B6E91980062F4DF /* FirebaseRemoteConfigSwift */ = {
			isa = XCSwiftPackageProductDependency;
			package = A18EE5E02B6E90B00062F4DF /* XCRemoteSwiftPackageReference "firebase-ios-sdk" */;
			productName = FirebaseRemoteConfigSwift;
		};
		A18EE61D2B6E91980062F4DF /* FirebaseStorage */ = {
			isa = XCSwiftPackageProductDependency;
			package = A18EE5E02B6E90B00062F4DF /* XCRemoteSwiftPackageReference "firebase-ios-sdk" */;
			productName = FirebaseStorage;
		};
		A18EE61F2B6E91980062F4DF /* FirebaseStorageCombine-Community */ = {
			isa = XCSwiftPackageProductDependency;
			package = A18EE5E02B6E90B00062F4DF /* XCRemoteSwiftPackageReference "firebase-ios-sdk" */;
			productName = "FirebaseStorageCombine-Community";
		};
/* End XCSwiftPackageProductDependency section */
	};
	rootObject = A1975D112B61706B00A0C749 /* Project object */;
}
